
Microsoft Visual Studio Solution File, Format Version 12.00
# Visual Studio Version 17
VisualStudioVersion = 17.6.33717.318
MinimumVisualStudioVersion = 10.0.40219.1
Project("{2150E333-8FDC-42A3-9474-1A3956D46DE8}") = "Submodules", "Submodules", "{FE2E5F13-79EF-49EC-B108-978815A8388C}"
EndProject
Project("{2150E333-8FDC-42A3-9474-1A3956D46DE8}") = "Console", "Console", "{37C52938-8939-4898-BC12-929759E2D17C}"
EndProject
Project("{2150E333-8FDC-42A3-9474-1A3956D46DE8}") = "Work", "Work", "{D405828F-A92C-4E78-A977-B05A2B3E7466}"
EndProject
Project("{9A19103F-16F7-4668-BE54-9A1E7A4F7556}") = "ConsoleLibrary", "Submodules\ConsoleLibrary\Library\Console\ConsoleLibrary\ConsoleLibrary.csproj", "{A2F168F5-E6CA-44FD-9D8C-D43B718E3941}"
EndProject
Project("{FAE04EC0-301F-11D3-BF4B-00C04F79EFBC}") = "ConsoleLibrary.Droid", "Submodules\ConsoleLibrary\Library\Console\ConsoleLibrary.Droid\ConsoleLibrary.Droid.csproj", "{BF45690B-9DD8-4E8A-9D41-0BEC309F2795}"
EndProject
Project("{FAE04EC0-301F-11D3-BF4B-00C04F79EFBC}") = "ConsoleLibrary.UWP", "Submodules\ConsoleLibrary\Library\Console\ConsoleLibrary.UWP\ConsoleLibrary.UWP.csproj", "{014506A7-2013-4A74-B50E-BE9D52C643B2}"
EndProject
Project("{9A19103F-16F7-4668-BE54-9A1E7A4F7556}") = "WorkInvoker", "Submodules\ConsoleLibrary\Library\Work\WorkInvoker\WorkInvoker.csproj", "{1C64144C-FBBF-4F68-811A-3AEE154AB0EE}"
EndProject
Project("{2150E333-8FDC-42A3-9474-1A3956D46DE8}") = "App", "App", "{452164FB-426F-4041-9A45-E333C03012E4}"
EndProject
Project("{FAE04EC0-301F-11D3-BF4B-00C04F79EFBC}") = "InformationProtectionWorkFiveApp.UWP", "InformationProtectionWorkFiveApp\InformationProtectionWorkFiveApp.UWP\InformationProtectionWorkFiveApp.UWP.csproj", "{4302AD7F-19EB-4FE5-A05D-B48B89D22D91}"
EndProject
Project("{FAE04EC0-301F-11D3-BF4B-00C04F79EFBC}") = "InformationProtectionWorkFiveApp.Android", "InformationProtectionWorkFiveApp\InformationProtectionWorkFiveApp.Android\InformationProtectionWorkFiveApp.Android.csproj", "{91050A0D-8397-4990-8628-91800BE187AB}"
EndProject
Project("{FAE04EC0-301F-11D3-BF4B-00C04F79EFBC}") = "InformationProtectionWorkFiveApp", "InformationProtectionWorkFiveApp\InformationProtectionWorkFiveApp\InformationProtectionWorkFiveApp.csproj", "{A5F850C8-C81E-4B57-811D-8DCD1BD2B5DF}"
EndProject
Project("{FAE04EC0-301F-11D3-BF4B-00C04F79EFBC}") = "InformationProtectionWorkFiveShare", "InformationProtectionWorkFiveShare\InformationProtectionWorkFiveShare.csproj", "{E3DA6AD2-3136-4C6E-87FE-810812E4A73D}"
EndProject
Global
	GlobalSection(SolutionConfigurationPlatforms) = preSolution
		Debug|Any CPU = Debug|Any CPU
		Debug|ARM = Debug|ARM
		Debug|ARM64 = Debug|ARM64
		Debug|x64 = Debug|x64
		Debug|x86 = Debug|x86
		Release|Any CPU = Release|Any CPU
		Release|ARM = Release|ARM
		Release|ARM64 = Release|ARM64
		Release|x64 = Release|x64
		Release|x86 = Release|x86
	EndGlobalSection
	GlobalSection(ProjectConfigurationPlatforms) = postSolution
		{A2F168F5-E6CA-44FD-9D8C-D43B718E3941}.Debug|Any CPU.ActiveCfg = Debug|Any CPU
		{A2F168F5-E6CA-44FD-9D8C-D43B718E3941}.Debug|Any CPU.Build.0 = Debug|Any CPU
		{A2F168F5-E6CA-44FD-9D8C-D43B718E3941}.Debug|ARM.ActiveCfg = Debug|Any CPU
		{A2F168F5-E6CA-44FD-9D8C-D43B718E3941}.Debug|ARM.Build.0 = Debug|Any CPU
		{A2F168F5-E6CA-44FD-9D8C-D43B718E3941}.Debug|ARM64.ActiveCfg = Debug|Any CPU
		{A2F168F5-E6CA-44FD-9D8C-D43B718E3941}.Debug|ARM64.Build.0 = Debug|Any CPU
		{A2F168F5-E6CA-44FD-9D8C-D43B718E3941}.Debug|x64.ActiveCfg = Debug|Any CPU
		{A2F168F5-E6CA-44FD-9D8C-D43B718E3941}.Debug|x64.Build.0 = Debug|Any CPU
		{A2F168F5-E6CA-44FD-9D8C-D43B718E3941}.Debug|x86.ActiveCfg = Debug|Any CPU
		{A2F168F5-E6CA-44FD-9D8C-D43B718E3941}.Debug|x86.Build.0 = Debug|Any CPU
		{A2F168F5-E6CA-44FD-9D8C-D43B718E3941}.Release|Any CPU.ActiveCfg = Release|Any CPU
		{A2F168F5-E6CA-44FD-9D8C-D43B718E3941}.Release|Any CPU.Build.0 = Release|Any CPU
		{A2F168F5-E6CA-44FD-9D8C-D43B718E3941}.Release|ARM.ActiveCfg = Release|Any CPU
		{A2F168F5-E6CA-44FD-9D8C-D43B718E3941}.Release|ARM.Build.0 = Release|Any CPU
		{A2F168F5-E6CA-44FD-9D8C-D43B718E3941}.Release|ARM64.ActiveCfg = Release|Any CPU
		{A2F168F5-E6CA-44FD-9D8C-D43B718E3941}.Release|ARM64.Build.0 = Release|Any CPU
		{A2F168F5-E6CA-44FD-9D8C-D43B718E3941}.Release|x64.ActiveCfg = Release|Any CPU
		{A2F168F5-E6CA-44FD-9D8C-D43B718E3941}.Release|x64.Build.0 = Release|Any CPU
		{A2F168F5-E6CA-44FD-9D8C-D43B718E3941}.Release|x86.ActiveCfg = Release|Any CPU
		{A2F168F5-E6CA-44FD-9D8C-D43B718E3941}.Release|x86.Build.0 = Release|Any CPU
		{BF45690B-9DD8-4E8A-9D41-0BEC309F2795}.Debug|Any CPU.ActiveCfg = Debug|Any CPU
		{BF45690B-9DD8-4E8A-9D41-0BEC309F2795}.Debug|Any CPU.Build.0 = Debug|Any CPU
		{BF45690B-9DD8-4E8A-9D41-0BEC309F2795}.Debug|ARM.ActiveCfg = Debug|Any CPU
		{BF45690B-9DD8-4E8A-9D41-0BEC309F2795}.Debug|ARM.Build.0 = Debug|Any CPU
		{BF45690B-9DD8-4E8A-9D41-0BEC309F2795}.Debug|ARM64.ActiveCfg = Debug|Any CPU
		{BF45690B-9DD8-4E8A-9D41-0BEC309F2795}.Debug|ARM64.Build.0 = Debug|Any CPU
		{BF45690B-9DD8-4E8A-9D41-0BEC309F2795}.Debug|x64.ActiveCfg = Debug|Any CPU
		{BF45690B-9DD8-4E8A-9D41-0BEC309F2795}.Debug|x64.Build.0 = Debug|Any CPU
		{BF45690B-9DD8-4E8A-9D41-0BEC309F2795}.Debug|x86.ActiveCfg = Debug|Any CPU
		{BF45690B-9DD8-4E8A-9D41-0BEC309F2795}.Debug|x86.Build.0 = Debug|Any CPU
		{BF45690B-9DD8-4E8A-9D41-0BEC309F2795}.Release|Any CPU.ActiveCfg = Release|Any CPU
		{BF45690B-9DD8-4E8A-9D41-0BEC309F2795}.Release|Any CPU.Build.0 = Release|Any CPU
		{BF45690B-9DD8-4E8A-9D41-0BEC309F2795}.Release|ARM.ActiveCfg = Release|Any CPU
		{BF45690B-9DD8-4E8A-9D41-0BEC309F2795}.Release|ARM.Build.0 = Release|Any CPU
		{BF45690B-9DD8-4E8A-9D41-0BEC309F2795}.Release|ARM64.ActiveCfg = Release|Any CPU
		{BF45690B-9DD8-4E8A-9D41-0BEC309F2795}.Release|ARM64.Build.0 = Release|Any CPU
		{BF45690B-9DD8-4E8A-9D41-0BEC309F2795}.Release|x64.ActiveCfg = Release|Any CPU
		{BF45690B-9DD8-4E8A-9D41-0BEC309F2795}.Release|x64.Build.0 = Release|Any CPU
		{BF45690B-9DD8-4E8A-9D41-0BEC309F2795}.Release|x86.ActiveCfg = Release|Any CPU
		{BF45690B-9DD8-4E8A-9D41-0BEC309F2795}.Release|x86.Build.0 = Release|Any CPU
		{014506A7-2013-4A74-B50E-BE9D52C643B2}.Debug|Any CPU.ActiveCfg = Debug|Any CPU
		{014506A7-2013-4A74-B50E-BE9D52C643B2}.Debug|Any CPU.Build.0 = Debug|Any CPU
		{014506A7-2013-4A74-B50E-BE9D52C643B2}.Debug|ARM.ActiveCfg = Debug|ARM
		{014506A7-2013-4A74-B50E-BE9D52C643B2}.Debug|ARM.Build.0 = Debug|ARM
		{014506A7-2013-4A74-B50E-BE9D52C643B2}.Debug|ARM64.ActiveCfg = Debug|ARM64
		{014506A7-2013-4A74-B50E-BE9D52C643B2}.Debug|ARM64.Build.0 = Debug|ARM64
		{014506A7-2013-4A74-B50E-BE9D52C643B2}.Debug|x64.ActiveCfg = Debug|x64
		{014506A7-2013-4A74-B50E-BE9D52C643B2}.Debug|x64.Build.0 = Debug|x64
		{014506A7-2013-4A74-B50E-BE9D52C643B2}.Debug|x86.ActiveCfg = Debug|x86
		{014506A7-2013-4A74-B50E-BE9D52C643B2}.Debug|x86.Build.0 = Debug|x86
		{014506A7-2013-4A74-B50E-BE9D52C643B2}.Release|Any CPU.ActiveCfg = Release|Any CPU
		{014506A7-2013-4A74-B50E-BE9D52C643B2}.Release|Any CPU.Build.0 = Release|Any CPU
		{014506A7-2013-4A74-B50E-BE9D52C643B2}.Release|ARM.ActiveCfg = Release|ARM
		{014506A7-2013-4A74-B50E-BE9D52C643B2}.Release|ARM.Build.0 = Release|ARM
		{014506A7-2013-4A74-B50E-BE9D52C643B2}.Release|ARM64.ActiveCfg = Release|ARM64
		{014506A7-2013-4A74-B50E-BE9D52C643B2}.Release|ARM64.Build.0 = Release|ARM64
		{014506A7-2013-4A74-B50E-BE9D52C643B2}.Release|x64.ActiveCfg = Release|x64
		{014506A7-2013-4A74-B50E-BE9D52C643B2}.Release|x64.Build.0 = Release|x64
		{014506A7-2013-4A74-B50E-BE9D52C643B2}.Release|x86.ActiveCfg = Release|x86
		{014506A7-2013-4A74-B50E-BE9D52C643B2}.Release|x86.Build.0 = Release|x86
		{1C64144C-FBBF-4F68-811A-3AEE154AB0EE}.Debug|Any CPU.ActiveCfg = Debug|Any CPU
		{1C64144C-FBBF-4F68-811A-3AEE154AB0EE}.Debug|Any CPU.Build.0 = Debug|Any CPU
		{1C64144C-FBBF-4F68-811A-3AEE154AB0EE}.Debug|ARM.ActiveCfg = Debug|Any CPU
		{1C64144C-FBBF-4F68-811A-3AEE154AB0EE}.Debug|ARM.Build.0 = Debug|Any CPU
		{1C64144C-FBBF-4F68-811A-3AEE154AB0EE}.Debug|ARM64.ActiveCfg = Debug|Any CPU
		{1C64144C-FBBF-4F68-811A-3AEE154AB0EE}.Debug|ARM64.Build.0 = Debug|Any CPU
		{1C64144C-FBBF-4F68-811A-3AEE154AB0EE}.Debug|x64.ActiveCfg = Debug|Any CPU
		{1C64144C-FBBF-4F68-811A-3AEE154AB0EE}.Debug|x64.Build.0 = Debug|Any CPU
		{1C64144C-FBBF-4F68-811A-3AEE154AB0EE}.Debug|x86.ActiveCfg = Debug|Any CPU
		{1C64144C-FBBF-4F68-811A-3AEE154AB0EE}.Debug|x86.Build.0 = Debug|Any CPU
		{1C64144C-FBBF-4F68-811A-3AEE154AB0EE}.Release|Any CPU.ActiveCfg = Release|Any CPU
		{1C64144C-FBBF-4F68-811A-3AEE154AB0EE}.Release|Any CPU.Build.0 = Release|Any CPU
		{1C64144C-FBBF-4F68-811A-3AEE154AB0EE}.Release|ARM.ActiveCfg = Release|Any CPU
		{1C64144C-FBBF-4F68-811A-3AEE154AB0EE}.Release|ARM.Build.0 = Release|Any CPU
		{1C64144C-FBBF-4F68-811A-3AEE154AB0EE}.Release|ARM64.ActiveCfg = Release|Any CPU
		{1C64144C-FBBF-4F68-811A-3AEE154AB0EE}.Release|ARM64.Build.0 = Release|Any CPU
		{1C64144C-FBBF-4F68-811A-3AEE154AB0EE}.Release|x64.ActiveCfg = Release|Any CPU
		{1C64144C-FBBF-4F68-811A-3AEE154AB0EE}.Release|x64.Build.0 = Release|Any CPU
		{1C64144C-FBBF-4F68-811A-3AEE154AB0EE}.Release|x86.ActiveCfg = Release|Any CPU
		{1C64144C-FBBF-4F68-811A-3AEE154AB0EE}.Release|x86.Build.0 = Release|Any CPU
		{4302AD7F-19EB-4FE5-A05D-B48B89D22D91}.Debug|Any CPU.ActiveCfg = Debug|x64
		{4302AD7F-19EB-4FE5-A05D-B48B89D22D91}.Debug|Any CPU.Build.0 = Debug|x64
		{4302AD7F-19EB-4FE5-A05D-B48B89D22D91}.Debug|Any CPU.Deploy.0 = Debug|x64
		{4302AD7F-19EB-4FE5-A05D-B48B89D22D91}.Debug|ARM.ActiveCfg = Debug|ARM
		{4302AD7F-19EB-4FE5-A05D-B48B89D22D91}.Debug|ARM.Build.0 = Debug|ARM
		{4302AD7F-19EB-4FE5-A05D-B48B89D22D91}.Debug|ARM.Deploy.0 = Debug|ARM
		{4302AD7F-19EB-4FE5-A05D-B48B89D22D91}.Debug|ARM64.ActiveCfg = Debug|x64
		{4302AD7F-19EB-4FE5-A05D-B48B89D22D91}.Debug|ARM64.Build.0 = Debug|x64
		{4302AD7F-19EB-4FE5-A05D-B48B89D22D91}.Debug|ARM64.Deploy.0 = Debug|x64
		{4302AD7F-19EB-4FE5-A05D-B48B89D22D91}.Debug|x64.ActiveCfg = Debug|x64
		{4302AD7F-19EB-4FE5-A05D-B48B89D22D91}.Debug|x64.Build.0 = Debug|x64
		{4302AD7F-19EB-4FE5-A05D-B48B89D22D91}.Debug|x64.Deploy.0 = Debug|x64
		{4302AD7F-19EB-4FE5-A05D-B48B89D22D91}.Debug|x86.ActiveCfg = Debug|x86
		{4302AD7F-19EB-4FE5-A05D-B48B89D22D91}.Debug|x86.Build.0 = Debug|x86
		{4302AD7F-19EB-4FE5-A05D-B48B89D22D91}.Debug|x86.Deploy.0 = Debug|x86
		{4302AD7F-19EB-4FE5-A05D-B48B89D22D91}.Release|Any CPU.ActiveCfg = Release|x64
		{4302AD7F-19EB-4FE5-A05D-B48B89D22D91}.Release|Any CPU.Build.0 = Release|x64
		{4302AD7F-19EB-4FE5-A05D-B48B89D22D91}.Release|Any CPU.Deploy.0 = Release|x64
		{4302AD7F-19EB-4FE5-A05D-B48B89D22D91}.Release|ARM.ActiveCfg = Release|ARM
		{4302AD7F-19EB-4FE5-A05D-B48B89D22D91}.Release|ARM.Build.0 = Release|ARM
		{4302AD7F-19EB-4FE5-A05D-B48B89D22D91}.Release|ARM.Deploy.0 = Release|ARM
		{4302AD7F-19EB-4FE5-A05D-B48B89D22D91}.Release|ARM64.ActiveCfg = Release|x64
		{4302AD7F-19EB-4FE5-A05D-B48B89D22D91}.Release|ARM64.Build.0 = Release|x64
		{4302AD7F-19EB-4FE5-A05D-B48B89D22D91}.Release|ARM64.Deploy.0 = Release|x64
		{4302AD7F-19EB-4FE5-A05D-B48B89D22D91}.Release|x64.ActiveCfg = Release|x64
		{4302AD7F-19EB-4FE5-A05D-B48B89D22D91}.Release|x64.Build.0 = Release|x64
		{4302AD7F-19EB-4FE5-A05D-B48B89D22D91}.Release|x64.Deploy.0 = Release|x64
		{4302AD7F-19EB-4FE5-A05D-B48B89D22D91}.Release|x86.ActiveCfg = Release|x86
		{4302AD7F-19EB-4FE5-A05D-B48B89D22D91}.Release|x86.Build.0 = Release|x86
		{4302AD7F-19EB-4FE5-A05D-B48B89D22D91}.Release|x86.Deploy.0 = Release|x86
		{91050A0D-8397-4990-8628-91800BE187AB}.Debug|Any CPU.ActiveCfg = Debug|Any CPU
		{91050A0D-8397-4990-8628-91800BE187AB}.Debug|Any CPU.Build.0 = Debug|Any CPU
		{91050A0D-8397-4990-8628-91800BE187AB}.Debug|Any CPU.Deploy.0 = Debug|Any CPU
		{91050A0D-8397-4990-8628-91800BE187AB}.Debug|ARM.ActiveCfg = Debug|Any CPU
		{91050A0D-8397-4990-8628-91800BE187AB}.Debug|ARM.Build.0 = Debug|Any CPU
		{91050A0D-8397-4990-8628-91800BE187AB}.Debug|ARM.Deploy.0 = Debug|Any CPU
		{91050A0D-8397-4990-8628-91800BE187AB}.Debug|ARM64.ActiveCfg = Debug|Any CPU
		{91050A0D-8397-4990-8628-91800BE187AB}.Debug|ARM64.Build.0 = Debug|Any CPU
		{91050A0D-8397-4990-8628-91800BE187AB}.Debug|ARM64.Deploy.0 = Debug|Any CPU
		{91050A0D-8397-4990-8628-91800BE187AB}.Debug|x64.ActiveCfg = Debug|Any CPU
		{91050A0D-8397-4990-8628-91800BE187AB}.Debug|x64.Build.0 = Debug|Any CPU
		{91050A0D-8397-4990-8628-91800BE187AB}.Debug|x64.Deploy.0 = Debug|Any CPU
		{91050A0D-8397-4990-8628-91800BE187AB}.Debug|x86.ActiveCfg = Debug|Any CPU
		{91050A0D-8397-4990-8628-91800BE187AB}.Debug|x86.Build.0 = Debug|Any CPU
		{91050A0D-8397-4990-8628-91800BE187AB}.Debug|x86.Deploy.0 = Debug|Any CPU
		{91050A0D-8397-4990-8628-91800BE187AB}.Release|Any CPU.ActiveCfg = Release|Any CPU
		{91050A0D-8397-4990-8628-91800BE187AB}.Release|Any CPU.Build.0 = Release|Any CPU
		{91050A0D-8397-4990-8628-91800BE187AB}.Release|Any CPU.Deploy.0 = Release|Any CPU
		{91050A0D-8397-4990-8628-91800BE187AB}.Release|ARM.ActiveCfg = Release|Any CPU
		{91050A0D-8397-4990-8628-91800BE187AB}.Release|ARM.Build.0 = Release|Any CPU
		{91050A0D-8397-4990-8628-91800BE187AB}.Release|ARM.Deploy.0 = Release|Any CPU
		{91050A0D-8397-4990-8628-91800BE187AB}.Release|ARM64.ActiveCfg = Release|Any CPU
		{91050A0D-8397-4990-8628-91800BE187AB}.Release|ARM64.Build.0 = Release|Any CPU
		{91050A0D-8397-4990-8628-91800BE187AB}.Release|ARM64.Deploy.0 = Release|Any CPU
		{91050A0D-8397-4990-8628-91800BE187AB}.Release|x64.ActiveCfg = Release|Any CPU
		{91050A0D-8397-4990-8628-91800BE187AB}.Release|x64.Build.0 = Release|Any CPU
		{91050A0D-8397-4990-8628-91800BE187AB}.Release|x64.Deploy.0 = Release|Any CPU
		{91050A0D-8397-4990-8628-91800BE187AB}.Release|x86.ActiveCfg = Release|Any CPU
		{91050A0D-8397-4990-8628-91800BE187AB}.Release|x86.Build.0 = Release|Any CPU
		{91050A0D-8397-4990-8628-91800BE187AB}.Release|x86.Deploy.0 = Release|Any CPU
		{A5F850C8-C81E-4B57-811D-8DCD1BD2B5DF}.Debug|Any CPU.ActiveCfg = Debug|Any CPU
		{A5F850C8-C81E-4B57-811D-8DCD1BD2B5DF}.Debug|Any CPU.Build.0 = Debug|Any CPU
		{A5F850C8-C81E-4B57-811D-8DCD1BD2B5DF}.Debug|ARM.ActiveCfg = Debug|Any CPU
		{A5F850C8-C81E-4B57-811D-8DCD1BD2B5DF}.Debug|ARM.Build.0 = Debug|Any CPU
		{A5F850C8-C81E-4B57-811D-8DCD1BD2B5DF}.Debug|ARM64.ActiveCfg = Debug|Any CPU
		{A5F850C8-C81E-4B57-811D-8DCD1BD2B5DF}.Debug|ARM64.Build.0 = Debug|Any CPU
		{A5F850C8-C81E-4B57-811D-8DCD1BD2B5DF}.Debug|x64.ActiveCfg = Debug|Any CPU
		{A5F850C8-C81E-4B57-811D-8DCD1BD2B5DF}.Debug|x64.Build.0 = Debug|Any CPU
		{A5F850C8-C81E-4B57-811D-8DCD1BD2B5DF}.Debug|x86.ActiveCfg = Debug|Any CPU
		{A5F850C8-C81E-4B57-811D-8DCD1BD2B5DF}.Debug|x86.Build.0 = Debug|Any CPU
		{A5F850C8-C81E-4B57-811D-8DCD1BD2B5DF}.Release|Any CPU.ActiveCfg = Release|Any CPU
		{A5F850C8-C81E-4B57-811D-8DCD1BD2B5DF}.Release|Any CPU.Build.0 = Release|Any CPU
		{A5F850C8-C81E-4B57-811D-8DCD1BD2B5DF}.Release|ARM.ActiveCfg = Release|Any CPU
		{A5F850C8-C81E-4B57-811D-8DCD1BD2B5DF}.Release|ARM.Build.0 = Release|Any CPU
		{A5F850C8-C81E-4B57-811D-8DCD1BD2B5DF}.Release|ARM64.ActiveCfg = Release|Any CPU
		{A5F850C8-C81E-4B57-811D-8DCD1BD2B5DF}.Release|ARM64.Build.0 = Release|Any CPU
		{A5F850C8-C81E-4B57-811D-8DCD1BD2B5DF}.Release|x64.ActiveCfg = Release|Any CPU
		{A5F850C8-C81E-4B57-811D-8DCD1BD2B5DF}.Release|x64.Build.0 = Release|Any CPU
		{A5F850C8-C81E-4B57-811D-8DCD1BD2B5DF}.Release|x86.ActiveCfg = Release|Any CPU
		{A5F850C8-C81E-4B57-811D-8DCD1BD2B5DF}.Release|x86.Build.0 = Release|Any CPU
		{E3DA6AD2-3136-4C6E-87FE-810812E4A73D}.Debug|Any CPU.ActiveCfg = Debug|Any CPU
		{E3DA6AD2-3136-4C6E-87FE-810812E4A73D}.Debug|Any CPU.Build.0 = Debug|Any CPU
		{E3DA6AD2-3136-4C6E-87FE-810812E4A73D}.Debug|ARM.ActiveCfg = Debug|Any CPU
		{E3DA6AD2-3136-4C6E-87FE-810812E4A73D}.Debug|ARM.Build.0 = Debug|Any CPU
		{E3DA6AD2-3136-4C6E-87FE-810812E4A73D}.Debug|ARM64.ActiveCfg = Debug|Any CPU
		{E3DA6AD2-3136-4C6E-87FE-810812E4A73D}.Debug|ARM64.Build.0 = Debug|Any CPU
		{E3DA6AD2-3136-4C6E-87FE-810812E4A73D}.Debug|x64.ActiveCfg = Debug|Any CPU
		{E3DA6AD2-3136-4C6E-87FE-810812E4A73D}.Debug|x64.Build.0 = Debug|Any CPU
		{E3DA6AD2-3136-4C6E-87FE-810812E4A73D}.Debug|x86.ActiveCfg = Debug|Any CPU
		{E3DA6AD2-3136-4C6E-87FE-810812E4A73D}.Debug|x86.Build.0 = Debug|Any CPU
		{E3DA6AD2-3136-4C6E-87FE-810812E4A73D}.Release|Any CPU.ActiveCfg = Release|Any CPU
		{E3DA6AD2-3136-4C6E-87FE-810812E4A73D}.Release|Any CPU.Build.0 = Release|Any CPU
		{E3DA6AD2-3136-4C6E-87FE-810812E4A73D}.Release|ARM.ActiveCfg = Release|Any CPU
		{E3DA6AD2-3136-4C6E-87FE-810812E4A73D}.Release|ARM.Build.0 = Release|Any CPU
		{E3DA6AD2-3136-4C6E-87FE-810812E4A73D}.Release|ARM64.ActiveCfg = Release|Any CPU
		{E3DA6AD2-3136-4C6E-87FE-810812E4A73D}.Release|ARM64.Build.0 = Release|Any CPU
		{E3DA6AD2-3136-4C6E-87FE-810812E4A73D}.Release|x64.ActiveCfg = Release|Any CPU
		{E3DA6AD2-3136-4C6E-87FE-810812E4A73D}.Release|x64.Build.0 = Release|Any CPU
		{E3DA6AD2-3136-4C6E-87FE-810812E4A73D}.Release|x86.ActiveCfg = Release|Any CPU
		{E3DA6AD2-3136-4C6E-87FE-810812E4A73D}.Release|x86.Build.0 = Release|Any CPU
	EndGlobalSection
	GlobalSection(SolutionProperties) = preSolution
		HideSolutionNode = FALSE
	EndGlobalSection
	GlobalSection(NestedProjects) = preSolution
		{37C52938-8939-4898-BC12-929759E2D17C} = {FE2E5F13-79EF-49EC-B108-978815A8388C}
		{D405828F-A92C-4E78-A977-B05A2B3E7466} = {FE2E5F13-79EF-49EC-B108-978815A8388C}
		{A2F168F5-E6CA-44FD-9D8C-D43B718E3941} = {37C52938-8939-4898-BC12-929759E2D17C}
		{BF45690B-9DD8-4E8A-9D41-0BEC309F2795} = {37C52938-8939-4898-BC12-929759E2D17C}
		{014506A7-2013-4A74-B50E-BE9D52C643B2} = {37C52938-8939-4898-BC12-929759E2D17C}
		{1C64144C-FBBF-4F68-811A-3AEE154AB0EE} = {D405828F-A92C-4E78-A977-B05A2B3E7466}
		{4302AD7F-19EB-4FE5-A05D-B48B89D22D91} = {452164FB-426F-4041-9A45-E333C03012E4}
		{91050A0D-8397-4990-8628-91800BE187AB} = {452164FB-426F-4041-9A45-E333C03012E4}
		{A5F850C8-C81E-4B57-811D-8DCD1BD2B5DF} = {452164FB-426F-4041-9A45-E333C03012E4}
	EndGlobalSection
	GlobalSection(ExtensibilityGlobals) = postSolution
		SolutionGuid = {1248AC7F-C4A0-4AA8-B347-1B6500B9181A}
	EndGlobalSection
EndGlobal
